
Microsoft Visual Studio Solution File, Format Version 12.00
# Visual Studio Version 17
VisualStudioVersion = 17.3.32922.545
MinimumVisualStudioVersion = 10.0.40219.1
Project("{FAE04EC0-301F-11D3-BF4B-00C04F79EFBC}") = "Xadrez-console", "Xadrez-console\Xadrez-console.csproj", "{76CFD090-F7D4-4555-95E7-12607D7F508D}"
EndProject
Global
	GlobalSection(SolutionConfigurationPlatforms) = preSolution
		Debug|Any CPU = Debug|Any CPU
		Release|Any CPU = Release|Any CPU
	EndGlobalSection
	GlobalSection(ProjectConfigurationPlatforms) = postSolution
		{76CFD090-F7D4-4555-95E7-12607D7F508D}.Debug|Any CPU.ActiveCfg = Debug|Any CPU
		{76CFD090-F7D4-4555-95E7-12607D7F508D}.Debug|Any CPU.Build.0 = Debug|Any CPU
		{76CFD090-F7D4-4555-95E7-12607D7F508D}.Release|Any CPU.ActiveCfg = Release|Any CPU
		{76CFD090-F7D4-4555-95E7-12607D7F508D}.Release|Any CPU.Build.0 = Release|Any CPU
	EndGlobalSection
	GlobalSection(SolutionProperties) = preSolution
		HideSolutionNode = FALSE
	EndGlobalSection
	GlobalSection(ExtensibilityGlobals) = postSolution
		SolutionGuid = {87CC7E55-AC60-4A9E-84F7-D0CC239CF8A7}
	EndGlobalSection
EndGlobal
